// !$*UTF8*$!
{
	archiveVersion = 1;
	classes = {
	};
	objectVersion = 46;
	objects = {

/* Begin PBXBuildFile section */
		6E2176E41A7A01D500EF8959 /* Preferences.m in Sources */ = {isa = PBXBuildFile; fileRef = 6E2176E31A7A01D500EF8959 /* Preferences.m */; };
		6E6B06F71A79F62400E5372F /* AppDelegate.m in Sources */ = {isa = PBXBuildFile; fileRef = 6E6B06F61A79F62400E5372F /* AppDelegate.m */; };
		6E6B06F91A79F62400E5372F /* main.m in Sources */ = {isa = PBXBuildFile; fileRef = 6E6B06F81A79F62400E5372F /* main.m */; };
		6E6B06FB1A79F62400E5372F /* Images.xcassets in Resources */ = {isa = PBXBuildFile; fileRef = 6E6B06FA1A79F62400E5372F /* Images.xcassets */; };
		6E6B06FE1A79F62400E5372F /* MainMenu.xib in Resources */ = {isa = PBXBuildFile; fileRef = 6E6B06FC1A79F62400E5372F /* MainMenu.xib */; };
		6E6B070A1A79F62400E5372F /* OSX_StreamerTests.m in Sources */ = {isa = PBXBuildFile; fileRef = 6E6B07091A79F62400E5372F /* OSX_StreamerTests.m */; };
		6E6B07151A79F63C00E5372F /* Sendificator.m in Sources */ = {isa = PBXBuildFile; fileRef = 6E6B07141A79F63C00E5372F /* Sendificator.m */; };
		6E6B07171A79F6CC00E5372F /* AVFoundation.framework in Frameworks */ = {isa = PBXBuildFile; fileRef = 6E6B07161A79F6CC00E5372F /* AVFoundation.framework */; };
		6E6B07191A79F6D600E5372F /* MultipeerConnectivity.framework in Frameworks */ = {isa = PBXBuildFile; fileRef = 6E6B07181A79F6D600E5372F /* MultipeerConnectivity.framework */; };
/* End PBXBuildFile section */

/* Begin PBXContainerItemProxy section */
		6E6B07041A79F62400E5372F /* PBXContainerItemProxy */ = {
			isa = PBXContainerItemProxy;
			containerPortal = 6E6B06E81A79F62400E5372F /* Project object */;
			proxyType = 1;
			remoteGlobalIDString = 6E6B06EF1A79F62400E5372F;
			remoteInfo = "OSX Streamer";
		};
/* End PBXContainerItemProxy section */

/* Begin PBXFileReference section */
		6E2176E21A7A01D500EF8959 /* Preferences.h */ = {isa = PBXFileReference; fileEncoding = 4; lastKnownFileType = sourcecode.c.h; path = Preferences.h; sourceTree = "<group>"; };
		6E2176E31A7A01D500EF8959 /* Preferences.m */ = {isa = PBXFileReference; fileEncoding = 4; lastKnownFileType = sourcecode.c.objc; path = Preferences.m; sourceTree = "<group>"; };
		6E6B06F01A79F62400E5372F /* OSX Streamer.app */ = {isa = PBXFileReference; explicitFileType = wrapper.application; includeInIndex = 0; path = "OSX Streamer.app"; sourceTree = BUILT_PRODUCTS_DIR; };
		6E6B06F41A79F62400E5372F /* Info.plist */ = {isa = PBXFileReference; lastKnownFileType = text.plist.xml; path = Info.plist; sourceTree = "<group>"; };
		6E6B06F51A79F62400E5372F /* AppDelegate.h */ = {isa = PBXFileReference; lastKnownFileType = sourcecode.c.h; path = AppDelegate.h; sourceTree = "<group>"; };
		6E6B06F61A79F62400E5372F /* AppDelegate.m */ = {isa = PBXFileReference; lastKnownFileType = sourcecode.c.objc; path = AppDelegate.m; sourceTree = "<group>"; };
		6E6B06F81A79F62400E5372F /* main.m */ = {isa = PBXFileReference; lastKnownFileType = sourcecode.c.objc; path = main.m; sourceTree = "<group>"; };
		6E6B06FA1A79F62400E5372F /* Images.xcassets */ = {isa = PBXFileReference; lastKnownFileType = folder.assetcatalog; path = Images.xcassets; sourceTree = "<group>"; };
		6E6B06FD1A79F62400E5372F /* Base */ = {isa = PBXFileReference; lastKnownFileType = file.xib; name = Base; path = Base.lproj/MainMenu.xib; sourceTree = "<group>"; };
		6E6B07031A79F62400E5372F /* OSX StreamerTests.xctest */ = {isa = PBXFileReference; explicitFileType = wrapper.cfbundle; includeInIndex = 0; path = "OSX StreamerTests.xctest"; sourceTree = BUILT_PRODUCTS_DIR; };
		6E6B07081A79F62400E5372F /* Info.plist */ = {isa = PBXFileReference; lastKnownFileType = text.plist.xml; path = Info.plist; sourceTree = "<group>"; };
		6E6B07091A79F62400E5372F /* OSX_StreamerTests.m */ = {isa = PBXFileReference; lastKnownFileType = sourcecode.c.objc; path = OSX_StreamerTests.m; sourceTree = "<group>"; };
		6E6B07131A79F63C00E5372F /* Sendificator.h */ = {isa = PBXFileReference; fileEncoding = 4; lastKnownFileType = sourcecode.c.h; name = Sendificator.h; path = "/Users/marcdavis/Desktop/OSX Streamer/Sendificator.h"; sourceTree = "<absolute>"; };
		6E6B07141A79F63C00E5372F /* Sendificator.m */ = {isa = PBXFileReference; fileEncoding = 4; lastKnownFileType = sourcecode.c.objc; name = Sendificator.m; path = "/Users/marcdavis/Desktop/OSX Streamer/Sendificator.m"; sourceTree = "<absolute>"; };
		6E6B07161A79F6CC00E5372F /* AVFoundation.framework */ = {isa = PBXFileReference; lastKnownFileType = wrapper.framework; name = AVFoundation.framework; path = System/Library/Frameworks/AVFoundation.framework; sourceTree = SDKROOT; };
		6E6B07181A79F6D600E5372F /* MultipeerConnectivity.framework */ = {isa = PBXFileReference; lastKnownFileType = wrapper.framework; name = MultipeerConnectivity.framework; path = System/Library/Frameworks/MultipeerConnectivity.framework; sourceTree = SDKROOT; };
/* End PBXFileReference section */

/* Begin PBXFrameworksBuildPhase section */
		6E6B06ED1A79F62400E5372F /* Frameworks */ = {
			isa = PBXFrameworksBuildPhase;
			buildActionMask = 2147483647;
			files = (
				6E6B07191A79F6D600E5372F /* MultipeerConnectivity.framework in Frameworks */,
				6E6B07171A79F6CC00E5372F /* AVFoundation.framework in Frameworks */,
			);
			runOnlyForDeploymentPostprocessing = 0;
		};
		6E6B07001A79F62400E5372F /* Frameworks */ = {
			isa = PBXFrameworksBuildPhase;
			buildActionMask = 2147483647;
			files = (
			);
			runOnlyForDeploymentPostprocessing = 0;
		};
/* End PBXFrameworksBuildPhase section */

/* Begin PBXGroup section */
		6E6B06E71A79F62400E5372F = {
			isa = PBXGroup;
			children = (
				6E6B07181A79F6D600E5372F /* MultipeerConnectivity.framework */,
				6E6B07161A79F6CC00E5372F /* AVFoundation.framework */,
				6E6B06F21A79F62400E5372F /* OSX Streamer */,
				6E6B07061A79F62400E5372F /* OSX StreamerTests */,
				6E6B06F11A79F62400E5372F /* Products */,
			);
			sourceTree = "<group>";
		};
		6E6B06F11A79F62400E5372F /* Products */ = {
			isa = PBXGroup;
			children = (
				6E6B06F01A79F62400E5372F /* OSX Streamer.app */,
				6E6B07031A79F62400E5372F /* OSX StreamerTests.xctest */,
			);
			name = Products;
			sourceTree = "<group>";
		};
		6E6B06F21A79F62400E5372F /* OSX Streamer */ = {
			isa = PBXGroup;
			children = (
				6E6B06F51A79F62400E5372F /* AppDelegate.h */,
				6E6B06F61A79F62400E5372F /* AppDelegate.m */,
				6E6B07131A79F63C00E5372F /* Sendificator.h */,
				6E6B07141A79F63C00E5372F /* Sendificator.m */,
				6E6B06FA1A79F62400E5372F /* Images.xcassets */,
				6E6B06FC1A79F62400E5372F /* MainMenu.xib */,
				6E6B06F31A79F62400E5372F /* Supporting Files */,
				6E2176E21A7A01D500EF8959 /* Preferences.h */,
				6E2176E31A7A01D500EF8959 /* Preferences.m */,
			);
			path = "OSX Streamer";
			sourceTree = "<group>";
		};
		6E6B06F31A79F62400E5372F /* Supporting Files */ = {
			isa = PBXGroup;
			children = (
				6E6B06F41A79F62400E5372F /* Info.plist */,
				6E6B06F81A79F62400E5372F /* main.m */,
			);
			name = "Supporting Files";
			sourceTree = "<group>";
		};
		6E6B07061A79F62400E5372F /* OSX StreamerTests */ = {
			isa = PBXGroup;
			children = (
				6E6B07091A79F62400E5372F /* OSX_StreamerTests.m */,
				6E6B07071A79F62400E5372F /* Supporting Files */,
			);
			path = "OSX StreamerTests";
			sourceTree = "<group>";
		};
		6E6B07071A79F62400E5372F /* Supporting Files */ = {
			isa = PBXGroup;
			children = (
				6E6B07081A79F62400E5372F /* Info.plist */,
			);
			name = "Supporting Files";
			sourceTree = "<group>";
		};
/* End PBXGroup section */

/* Begin PBXNativeTarget section */
		6E6B06EF1A79F62400E5372F /* OSX Streamer */ = {
			isa = PBXNativeTarget;
			buildConfigurationList = 6E6B070D1A79F62400E5372F /* Build configuration list for PBXNativeTarget "OSX Streamer" */;
			buildPhases = (
				6E6B06EC1A79F62400E5372F /* Sources */,
				6E6B06ED1A79F62400E5372F /* Frameworks */,
				6E6B06EE1A79F62400E5372F /* Resources */,
			);
			buildRules = (
			);
			dependencies = (
			);
			name = "OSX Streamer";
			productName = "OSX Streamer";
			productReference = 6E6B06F01A79F62400E5372F /* OSX Streamer.app */;
			productType = "com.apple.product-type.application";
		};
		6E6B07021A79F62400E5372F /* OSX StreamerTests */ = {
			isa = PBXNativeTarget;
			buildConfigurationList = 6E6B07101A79F62400E5372F /* Build configuration list for PBXNativeTarget "OSX StreamerTests" */;
			buildPhases = (
				6E6B06FF1A79F62400E5372F /* Sources */,
				6E6B07001A79F62400E5372F /* Frameworks */,
				6E6B07011A79F62400E5372F /* Resources */,
			);
			buildRules = (
			);
			dependencies = (
				6E6B07051A79F62400E5372F /* PBXTargetDependency */,
			);
			name = "OSX StreamerTests";
			productName = "OSX StreamerTests";
			productReference = 6E6B07031A79F62400E5372F /* OSX StreamerTests.xctest */;
			productType = "com.apple.product-type.bundle.unit-test";
		};
/* End PBXNativeTarget section */

/* Begin PBXProject section */
		6E6B06E81A79F62400E5372F /* Project object */ = {
			isa = PBXProject;
			attributes = {
				LastUpgradeCheck = 0610;
				ORGANIZATIONNAME = "Marc Davis";
				TargetAttributes = {
					6E6B06EF1A79F62400E5372F = {
						CreatedOnToolsVersion = 6.1.1;
					};
					6E6B07021A79F62400E5372F = {
						CreatedOnToolsVersion = 6.1.1;
						TestTargetID = 6E6B06EF1A79F62400E5372F;
					};
				};
			};
			buildConfigurationList = 6E6B06EB1A79F62400E5372F /* Build configuration list for PBXProject "OSX Streamer" */;
			compatibilityVersion = "Xcode 3.2";
			developmentRegion = English;
			hasScannedForEncodings = 0;
			knownRegions = (
				en,
				Base,
			);
			mainGroup = 6E6B06E71A79F62400E5372F;
			productRefGroup = 6E6B06F11A79F62400E5372F /* Products */;
			projectDirPath = "";
			projectRoot = "";
			targets = (
				6E6B06EF1A79F62400E5372F /* OSX Streamer */,
				6E6B07021A79F62400E5372F /* OSX StreamerTests */,
			);
		};
/* End PBXProject section */

/* Begin PBXResourcesBuildPhase section */
		6E6B06EE1A79F62400E5372F /* Resources */ = {
			isa = PBXResourcesBuildPhase;
			buildActionMask = 2147483647;
			files = (
				6E6B06FB1A79F62400E5372F /* Images.xcassets in Resources */,
				6E6B06FE1A79F62400E5372F /* MainMenu.xib in Resources */,
			);
			runOnlyForDeploymentPostprocessing = 0;
		};
		6E6B07011A79F62400E5372F /* Resources */ = {
			isa = PBXResourcesBuildPhase;
			buildActionMask = 2147483647;
			files = (
			);
			runOnlyForDeploymentPostprocessing = 0;
		};
/* End PBXResourcesBuildPhase section */

/* Begin PBXSourcesBuildPhase section */
		6E6B06EC1A79F62400E5372F /* Sources */ = {
			isa = PBXSourcesBuildPhase;
			buildActionMask = 2147483647;
			files = (
				6E6B06F91A79F62400E5372F /* main.m in Sources */,
				6E6B06F71A79F62400E5372F /* AppDelegate.m in Sources */,
				6E2176E41A7A01D500EF8959 /* Preferences.m in Sources */,
				6E6B07151A79F63C00E5372F /* Sendificator.m in Sources */,
			);
			runOnlyForDeploymentPostprocessing = 0;
		};
		6E6B06FF1A79F62400E5372F /* Sources */ = {
			isa = PBXSourcesBuildPhase;
			buildActionMask = 2147483647;
			files = (
				6E6B070A1A79F62400E5372F /* OSX_StreamerTests.m in Sources */,
			);
			runOnlyForDeploymentPostprocessing = 0;
		};
/* End PBXSourcesBuildPhase section */

/* Begin PBXTargetDependency section */
		6E6B07051A79F62400E5372F /* PBXTargetDependency */ = {
			isa = PBXTargetDependency;
			target = 6E6B06EF1A79F62400E5372F /* OSX Streamer */;
			targetProxy = 6E6B07041A79F62400E5372F /* PBXContainerItemProxy */;
		};
/* End PBXTargetDependency section */

/* Begin PBXVariantGroup section */
		6E6B06FC1A79F62400E5372F /* MainMenu.xib */ = {
			isa = PBXVariantGroup;
			children = (
				6E6B06FD1A79F62400E5372F /* Base */,
			);
			name = MainMenu.xib;
			sourceTree = "<group>";
		};
/* End PBXVariantGroup section */

/* Begin XCBuildConfiguration section */
		6E6B070B1A79F62400E5372F /* Debug */ = {
			isa = XCBuildConfiguration;
			buildSettings = {
				ALWAYS_SEARCH_USER_PATHS = NO;
				CLANG_CXX_LANGUAGE_STANDARD = "gnu++0x";
				CLANG_CXX_LIBRARY = "libc++";
				CLANG_ENABLE_MODULES = YES;
				CLANG_ENABLE_OBJC_ARC = YES;
				CLANG_WARN_BOOL_CONVERSION = YES;
				CLANG_WARN_CONSTANT_CONVERSION = YES;
				CLANG_WARN_DIRECT_OBJC_ISA_USAGE = YES_ERROR;
				CLANG_WARN_EMPTY_BODY = YES;
				CLANG_WARN_ENUM_CONVERSION = YES;
				CLANG_WARN_INT_CONVERSION = YES;
				CLANG_WARN_OBJC_ROOT_CLASS = YES_ERROR;
				CLANG_WARN_UNREACHABLE_CODE = YES;
				CLANG_WARN__DUPLICATE_METHOD_MATCH = YES;
				CODE_SIGN_IDENTITY = "-";
				COPY_PHASE_STRIP = NO;
				ENABLE_STRICT_OBJC_MSGSEND = YES;
				GCC_C_LANGUAGE_STANDARD = gnu99;
				GCC_DYNAMIC_NO_PIC = NO;
				GCC_OPTIMIZATION_LEVEL = 0;
				GCC_PREPROCESSOR_DEFINITIONS = (
					"DEBUG=1",
					"$(inherited)",
				);
				GCC_SYMBOLS_PRIVATE_EXTERN = NO;
				GCC_WARN_64_TO_32_BIT_CONVERSION = YES;
				GCC_WARN_ABOUT_RETURN_TYPE = YES_ERROR;
				GCC_WARN_UNDECLARED_SELECTOR = YES;
				GCC_WARN_UNINITIALIZED_AUTOS = YES_AGGRESSIVE;
				GCC_WARN_UNUSED_FUNCTION = YES;
				GCC_WARN_UNUSED_VARIABLE = YES;
				MACOSX_DEPLOYMENT_TARGET = 10.10;
				MTL_ENABLE_DEBUG_INFO = YES;
				ONLY_ACTIVE_ARCH = YES;
				SDKROOT = macosx;
			};
			name = Debug;
		};
		6E6B070C1A79F62400E5372F /* Release */ = {
			isa = XCBuildConfiguration;
			buildSettings = {
				ALWAYS_SEARCH_USER_PATHS = NO;
				CLANG_CXX_LANGUAGE_STANDARD = "gnu++0x";
				CLANG_CXX_LIBRARY = "libc++";
				CLANG_ENABLE_MODULES = YES;
				CLANG_ENABLE_OBJC_ARC = YES;
				CLANG_WARN_BOOL_CONVERSION = YES;
				CLANG_WARN_CONSTANT_CONVERSION = YES;
				CLANG_WARN_DIRECT_OBJC_ISA_USAGE = YES_ERROR;
				CLANG_WARN_EMPTY_BODY = YES;
				CLANG_WARN_ENUM_CONVERSION = YES;
				CLANG_WARN_INT_CONVERSION = YES;
				CLANG_WARN_OBJC_ROOT_CLASS = YES_ERROR;
				CLANG_WARN_UNREACHABLE_CODE = YES;
				CLANG_WARN__DUPLICATE_METHOD_MATCH = YES;
				CODE_SIGN_IDENTITY = "-";
				COPY_PHASE_STRIP = YES;
				DEBUG_INFORMATION_FORMAT = "dwarf-with-dsym";
				ENABLE_NS_ASSERTIONS = NO;
				ENABLE_STRICT_OBJC_MSGSEND = YES;
				GCC_C_LANGUAGE_STANDARD = gnu99;
				GCC_WARN_64_TO_32_BIT_CONVERSION = YES;
				GCC_WARN_ABOUT_RETURN_TYPE = YES_ERROR;
				GCC_WARN_UNDECLARED_SELECTOR = YES;
				GCC_WARN_UNINITIALIZED_AUTOS = YES_AGGRESSIVE;
				GCC_WARN_UNUSED_FUNCTION = YES;
				GCC_WARN_UNUSED_VARIABLE = YES;
				MACOSX_DEPLOYMENT_TARGET = 10.10;
				MTL_ENABLE_DEBUG_INFO = NO;
				SDKROOT = macosx;
			};
			name = Release;
		};
		6E6B070E1A79F62400E5372F /* Debug */ = {
			isa = XCBuildConfiguration;
			buildSettings = {
				ASSETCATALOG_COMPILER_APPICON_NAME = AppIcon;
				COMBINE_HIDPI_IMAGES = YES;
				INFOPLIST_FILE = "OSX Streamer/Info.plist";
				LD_RUNPATH_SEARCH_PATHS = "$(inherited) @executable_path/../Frameworks";
				PRODUCT_NAME = "$(TARGET_NAME)";
			};
			name = Debug;
		};
		6E6B070F1A79F62400E5372F /* Release */ = {
			isa = XCBuildConfiguration;
			buildSettings = {
				ASSETCATALOG_COMPILER_APPICON_NAME = AppIcon;
				COMBINE_HIDPI_IMAGES = YES;
				INFOPLIST_FILE = "OSX Streamer/Info.plist";
				LD_RUNPATH_SEARCH_PATHS = "$(inherited) @executable_path/../Frameworks";
				PRODUCT_NAME = "$(TARGET_NAME)";
			};
			name = Release;
		};
		6E6B07111A79F62400E5372F /* Debug */ = {
			isa = XCBuildConfiguration;
			buildSettings = {
				BUNDLE_LOADER = "$(TEST_HOST)";
				COMBINE_HIDPI_IMAGES = YES;
				FRAMEWORK_SEARCH_PATHS = (
					"$(DEVELOPER_FRAMEWORKS_DIR)",
					"$(inherited)",
				);
				GCC_PREPROCESSOR_DEFINITIONS = (
					"DEBUG=1",
					"$(inherited)",
				);
				INFOPLIST_FILE = "OSX StreamerTests/Info.plist";
				LD_RUNPATH_SEARCH_PATHS = "$(inherited) @executable_path/../Frameworks @loader_path/../Frameworks";
				PRODUCT_NAME = "$(TARGET_NAME)";
				TEST_HOST = "$(BUILT_PRODUCTS_DIR)/OSX Streamer.app/Contents/MacOS/OSX Streamer";
			};
			name = Debug;
		};
		6E6B07121A79F62400E5372F /* Release */ = {
			isa = XCBuildConfiguration;
			buildSettings = {
				BUNDLE_LOADER = "$(TEST_HOST)";
				COMBINE_HIDPI_IMAGES = YES;
				FRAMEWORK_SEARCH_PATHS = (
					"$(DEVELOPER_FRAMEWORKS_DIR)",
					"$(inherited)",
				);
				INFOPLIST_FILE = "OSX StreamerTests/Info.plist";
				LD_RUNPATH_SEARCH_PATHS = "$(inherited) @executable_path/../Frameworks @loader_path/../Frameworks";
				PRODUCT_NAME = "$(TARGET_NAME)";
				TEST_HOST = "$(BUILT_PRODUCTS_DIR)/OSX Streamer.app/Contents/MacOS/OSX Streamer";
			};
			name = Release;
		};
/* End XCBuildConfiguration section */

/* Begin XCConfigurationList section */
		6E6B06EB1A79F62400E5372F /* Build configuration list for PBXProject "OSX Streamer" */ = {
			isa = XCConfigurationList;
			buildConfigurations = (
				6E6B070B1A79F62400E5372F /* Debug */,
				6E6B070C1A79F62400E5372F /* Release */,
			);
			defaultConfigurationIsVisible = 0;
			defaultConfigurationName = Release;
		};
		6E6B070D1A79F62400E5372F /* Build configuration list for PBXNativeTarget "OSX Streamer" */ = {
			isa = XCConfigurationList;
			buildConfigurations = (
				6E6B070E1A79F62400E5372F /* Debug */,
				6E6B070F1A79F62400E5372F /* Release */,
			);
			defaultConfigurationIsVisible = 0;
			defaultConfigurationName = Release;
		};
		6E6B07101A79F62400E5372F /* Build configuration list for PBXNativeTarget "OSX StreamerTests" */ = {
			isa = XCConfigurationList;
			buildConfigurations = (
				6E6B07111A79F62400E5372F /* Debug */,
				6E6B07121A79F62400E5372F /* Release */,
			);
			defaultConfigurationIsVisible = 0;
			defaultConfigurationName = Release;
		};
/* End XCConfigurationList section */
	};
	rootObject = 6E6B06E81A79F62400E5372F /* Project object */;
}
